Microsoft Visual Studio Solution File, Format Version 12.00
# Visual Studio Version 17
VisualStudioVersion = 17.6.33815.320
MinimumVisualStudioVersion = 10.0.40219.1
Project("{9A19103F-16F7-4668-BE54-9A1E7A4F7556}") = "C_Sharp_Testing1", "C_Sharp_Testing1.csproj", "{FE004EF0-B43D-E0FF-1668-DCD9474E610F}"
EndProject
Global
	GlobalSection(SolutionConfigurationPlatforms) = preSolution
		Debug|Any CPU = Debug|Any CPU
		Release|Any CPU = Release|Any CPU
	EndGlobalSection
	GlobalSection(ProjectConfigurationPlatforms) = postSolution
		{FE004EF0-B43D-E0FF-1668-DCD9474E610F}.Debug|Any CPU.ActiveCfg = Debug|Any CPU
		{FE004EF0-B43D-E0FF-1668-DCD9474E610F}.Debug|Any CPU.Build.0 = Debug|Any CPU
		{FE004EF0-B43D-E0FF-1668-DCD9474E610F}.Release|Any CPU.ActiveCfg = Release|Any CPU
		{FE004EF0-B43D-E0FF-1668-DCD9474E610F}.Release|Any CPU.Build.0 = Release|Any CPU
	EndGlobalSection
	GlobalSection(SolutionProperties) = preSolution
		HideSolutionNode = FALSE
	EndGlobalSection
EndGlobal
